// !$*UTF8*$!
{
	archiveVersion = 1;
	classes = {
	};
	objectVersion = 46;
	objects = {

/* Begin PBXBuildFile section */
		9A64242E1F33FD460004E74E /* HomeViewController.swift in Sources */ = {isa = PBXBuildFile; fileRef = 9A64242D1F33FD460004E74E /* HomeViewController.swift */; };
		9A6424351F3402920004E74E /* Image_launch_logo@2x.png in Resources */ = {isa = PBXBuildFile; fileRef = 9A6424311F3402920004E74E /* Image_launch_logo@2x.png */; };
		9A6424361F3402920004E74E /* searchBtnIconHL@2x.png in Resources */ = {isa = PBXBuildFile; fileRef = 9A6424321F3402920004E74E /* searchBtnIconHL@2x.png */; };
		9A6424371F3402920004E74E /* searchIcon@2x.png in Resources */ = {isa = PBXBuildFile; fileRef = 9A6424331F3402920004E74E /* searchIcon@2x.png */; };
		9A6424381F3402920004E74E /* searchIconDark@2x.png in Resources */ = {isa = PBXBuildFile; fileRef = 9A6424341F3402920004E74E /* searchIconDark@2x.png */; };
		9A64243A1F3406680004E74E /* image_my_history@2x.png in Resources */ = {isa = PBXBuildFile; fileRef = 9A6424391F3406680004E74E /* image_my_history@2x.png */; };
		9A64243D1F3408D80004E74E /* qr_er_btn_Selected@2x.png in Resources */ = {isa = PBXBuildFile; fileRef = 9A64243B1F3408D80004E74E /* qr_er_btn_Selected@2x.png */; };
		9A64243E1F3408D80004E74E /* qr_er_btn@2x.png in Resources */ = {isa = PBXBuildFile; fileRef = 9A64243C1F3408D80004E74E /* qr_er_btn@2x.png */; };
		9A6424411F340B620004E74E /* UIBarButtonItem-Extension.swift in Sources */ = {isa = PBXBuildFile; fileRef = 9A6424401F340B620004E74E /* UIBarButtonItem-Extension.swift */; };
		9A6424431F3413540004E74E /* PageTitleView.swift in Sources */ = {isa = PBXBuildFile; fileRef = 9A6424421F3413540004E74E /* PageTitleView.swift */; };
		9A6424601F345F120004E74E /* Common.swift in Sources */ = {isa = PBXBuildFile; fileRef = 9A64245F1F345F120004E74E /* Common.swift */; };
		9A6424621F346D8C0004E74E /* PageContentView.swift in Sources */ = {isa = PBXBuildFile; fileRef = 9A6424611F346D8C0004E74E /* PageContentView.swift */; };
		9A6424641F3470CA0004E74E /* UIColor-Extension.swift in Sources */ = {isa = PBXBuildFile; fileRef = 9A6424631F3470CA0004E74E /* UIColor-Extension.swift */; };
		9A7E0FA11F37EEC5001756B2 /* RecommendViewController.swift in Sources */ = {isa = PBXBuildFile; fileRef = 9A7E0FA01F37EEC5001756B2 /* RecommendViewController.swift */; };
		9A7E0FA41F37F186001756B2 /* CollectionHeaderView.swift in Sources */ = {isa = PBXBuildFile; fileRef = 9A7E0FA21F37F186001756B2 /* CollectionHeaderView.swift */; };
		9A7E0FA51F37F186001756B2 /* CollectionHeaderView.xib in Resources */ = {isa = PBXBuildFile; fileRef = 9A7E0FA31F37F186001756B2 /* CollectionHeaderView.xib */; };
		9A7E0FA81F37F766001756B2 /* CollectionNormalCell.swift in Sources */ = {isa = PBXBuildFile; fileRef = 9A7E0FA61F37F766001756B2 /* CollectionNormalCell.swift */; };
		9A7E0FA91F37F766001756B2 /* CollectionNormalCell.xib in Resources */ = {isa = PBXBuildFile; fileRef = 9A7E0FA71F37F766001756B2 /* CollectionNormalCell.xib */; };
		9A996F8B1F31D6D3001A47E5 /* Home.storyboard in Resources */ = {isa = PBXBuildFile; fileRef = 9A996F8A1F31D6D3001A47E5 /* Home.storyboard */; };
		9A996F8E1F31D6FD001A47E5 /* Live.storyboard in Resources */ = {isa = PBXBuildFile; fileRef = 9A996F8C1F31D6FD001A47E5 /* Live.storyboard */; };
		9A996F901F31D719001A47E5 /* Follow.storyboard in Resources */ = {isa = PBXBuildFile; fileRef = 9A996F8F1F31D719001A47E5 /* Follow.storyboard */; };
		9A996F931F31D734001A47E5 /* Profile.storyboard in Resources */ = {isa = PBXBuildFile; fileRef = 9A996F911F31D734001A47E5 /* Profile.storyboard */; };
		9A996F951F31D916001A47E5 /* MianViewController.swift in Sources */ = {isa = PBXBuildFile; fileRef = 9A996F941F31D916001A47E5 /* MianViewController.swift */; };
		9AA75D9A1F29E80E00431480 /* AppDelegate.swift in Sources */ = {isa = PBXBuildFile; fileRef = 9AA75D991F29E80E00431480 /* AppDelegate.swift */; };
		9AA75D9F1F29E80E00431480 /* Main.storyboard in Resources */ = {isa = PBXBuildFile; fileRef = 9AA75D9D1F29E80E00431480 /* Main.storyboard */; };
		9AA75DA11F29E80E00431480 /* Assets.xcassets in Resources */ = {isa = PBXBuildFile; fileRef = 9AA75DA01F29E80E00431480 /* Assets.xcassets */; };
		9AA75DA41F29E80E00431480 /* LaunchScreen.storyboard in Resources */ = {isa = PBXBuildFile; fileRef = 9AA75DA21F29E80E00431480 /* LaunchScreen.storyboard */; };
		9AA75DAF1F29E80E00431480 /* DYZBTests.swift in Sources */ = {isa = PBXBuildFile; fileRef = 9AA75DAE1F29E80E00431480 /* DYZBTests.swift */; };
		9AA75DBA1F29E80E00431480 /* DYZBUITests.swift in Sources */ = {isa = PBXBuildFile; fileRef = 9AA75DB91F29E80E00431480 /* DYZBUITests.swift */; };
/* End PBXBuildFile section */

/* Begin PBXContainerItemProxy section */
		9AA75DAB1F29E80E00431480 /* PBXContainerItemProxy */ = {
			isa = PBXContainerItemProxy;
			containerPortal = 9AA75D8E1F29E80E00431480 /* Project object */;
			proxyType = 1;
			remoteGlobalIDString = 9AA75D951F29E80E00431480;
			remoteInfo = DYZB;
		};
		9AA75DB61F29E80E00431480 /* PBXContainerItemProxy */ = {
			isa = PBXContainerItemProxy;
			containerPortal = 9AA75D8E1F29E80E00431480 /* Project object */;
			proxyType = 1;
			remoteGlobalIDString = 9AA75D951F29E80E00431480;
			remoteInfo = DYZB;
		};
/* End PBXContainerItemProxy section */

/* Begin PBXFileReference section */
		9A64242D1F33FD460004E74E /* HomeViewController.swift */ = {isa = PBXFileReference; fileEncoding = 4; lastKnownFileType = sourcecode.swift; path = HomeViewController.swift; sourceTree = "<group>"; };
		9A6424311F3402920004E74E /* Image_launch_logo@2x.png */ = {isa = PBXFileReference; lastKnownFileType = image.png; path = "Image_launch_logo@2x.png"; sourceTree = "<group>"; };
		9A6424321F3402920004E74E /* searchBtnIconHL@2x.png */ = {isa = PBXFileReference; lastKnownFileType = image.png; path = "searchBtnIconHL@2x.png"; sourceTree = "<group>"; };
		9A6424331F3402920004E74E /* searchIcon@2x.png */ = {isa = PBXFileReference; lastKnownFileType = image.png; path = "searchIcon@2x.png"; sourceTree = "<group>"; };
		9A6424341F3402920004E74E /* searchIconDark@2x.png */ = {isa = PBXFileReference; lastKnownFileType = image.png; path = "searchIconDark@2x.png"; sourceTree = "<group>"; };
		9A6424391F3406680004E74E /* image_my_history@2x.png */ = {isa = PBXFileReference; lastKnownFileType = image.png; path = "image_my_history@2x.png"; sourceTree = "<group>"; };
		9A64243B1F3408D80004E74E /* qr_er_btn_Selected@2x.png */ = {isa = PBXFileReference; lastKnownFileType = image.png; path = "qr_er_btn_Selected@2x.png"; sourceTree = "<group>"; };
		9A64243C1F3408D80004E74E /* qr_er_btn@2x.png */ = {isa = PBXFileReference; lastKnownFileType = image.png; path = "qr_er_btn@2x.png"; sourceTree = "<group>"; };
		9A6424401F340B620004E74E /* UIBarButtonItem-Extension.swift */ = {isa = PBXFileReference; fileEncoding = 4; lastKnownFileType = sourcecode.swift; path = "UIBarButtonItem-Extension.swift"; sourceTree = "<group>"; };
		9A6424421F3413540004E74E /* PageTitleView.swift */ = {isa = PBXFileReference; fileEncoding = 4; lastKnownFileType = sourcecode.swift; path = PageTitleView.swift; sourceTree = "<group>"; };
		9A64245F1F345F120004E74E /* Common.swift */ = {isa = PBXFileReference; fileEncoding = 4; lastKnownFileType = sourcecode.swift; path = Common.swift; sourceTree = "<group>"; };
		9A6424611F346D8C0004E74E /* PageContentView.swift */ = {isa = PBXFileReference; fileEncoding = 4; lastKnownFileType = sourcecode.swift; path = PageContentView.swift; sourceTree = "<group>"; };
		9A6424631F3470CA0004E74E /* UIColor-Extension.swift */ = {isa = PBXFileReference; fileEncoding = 4; lastKnownFileType = sourcecode.swift; path = "UIColor-Extension.swift"; sourceTree = "<group>"; };
		9A7E0FA01F37EEC5001756B2 /* RecommendViewController.swift */ = {isa = PBXFileReference; fileEncoding = 4; lastKnownFileType = sourcecode.swift; path = RecommendViewController.swift; sourceTree = "<group>"; };
		9A7E0FA21F37F186001756B2 /* CollectionHeaderView.swift */ = {isa = PBXFileReference; fileEncoding = 4; lastKnownFileType = sourcecode.swift; path = CollectionHeaderView.swift; sourceTree = "<group>"; };
		9A7E0FA31F37F186001756B2 /* CollectionHeaderView.xib */ = {isa = PBXFileReference; fileEncoding = 4; lastKnownFileType = file.xib; path = CollectionHeaderView.xib; sourceTree = "<group>"; };
		9A7E0FA61F37F766001756B2 /* CollectionNormalCell.swift */ = {isa = PBXFileReference; fileEncoding = 4; lastKnownFileType = sourcecode.swift; path = CollectionNormalCell.swift; sourceTree = "<group>"; };
		9A7E0FA71F37F766001756B2 /* CollectionNormalCell.xib */ = {isa = PBXFileReference; fileEncoding = 4; lastKnownFileType = file.xib; path = CollectionNormalCell.xib; sourceTree = "<group>"; };
		9A996F8A1F31D6D3001A47E5 /* Home.storyboard */ = {isa = PBXFileReference; fileEncoding = 4; lastKnownFileType = file.storyboard; path = Home.storyboard; sourceTree = "<group>"; };
		9A996F8D1F31D6FD001A47E5 /* Base */ = {isa = PBXFileReference; lastKnownFileType = file.storyboard; name = Base; path = Base.lproj/Live.storyboard; sourceTree = "<group>"; };
		9A996F8F1F31D719001A47E5 /* Follow.storyboard */ = {isa = PBXFileReference; fileEncoding = 4; lastKnownFileType = file.storyboard; path = Follow.storyboard; sourceTree = "<group>"; };
		9A996F921F31D734001A47E5 /* Base */ = {isa = PBXFileReference; lastKnownFileType = file.storyboard; name = Base; path = Base.lproj/Profile.storyboard; sourceTree = "<group>"; };
		9A996F941F31D916001A47E5 /* MianViewController.swift */ = {isa = PBXFileReference; fileEncoding = 4; lastKnownFileType = sourcecode.swift; name = MianViewController.swift; path = ../MianViewController.swift; sourceTree = "<group>"; };
		9AA75D961F29E80E00431480 /* DYZB.app */ = {isa = PBXFileReference; explicitFileType = wrapper.application; includeInIndex = 0; path = DYZB.app; sourceTree = BUILT_PRODUCTS_DIR; };
		9AA75D991F29E80E00431480 /* AppDelegate.swift */ = {isa = PBXFileReference; lastKnownFileType = sourcecode.swift; path = AppDelegate.swift; sourceTree = "<group>"; };
		9AA75D9E1F29E80E00431480 /* Base */ = {isa = PBXFileReference; lastKnownFileType = file.storyboard; name = Base; path = Base.lproj/Main.storyboard; sourceTree = "<group>"; };
		9AA75DA01F29E80E00431480 /* Assets.xcassets */ = {isa = PBXFileReference; lastKnownFileType = folder.assetcatalog; path = Assets.xcassets; sourceTree = "<group>"; };
		9AA75DA31F29E80E00431480 /* Base */ = {isa = PBXFileReference; lastKnownFileType = file.storyboard; name = Base; path = Base.lproj/LaunchScreen.storyboard; sourceTree = "<group>"; };
		9AA75DA51F29E80E00431480 /* Info.plist */ = {isa = PBXFileReference; lastKnownFileType = text.plist.xml; path = Info.plist; sourceTree = "<group>"; };
		9AA75DAA1F29E80E00431480 /* DYZBTests.xctest */ = {isa = PBXFileReference; explicitFileType = wrapper.cfbundle; includeInIndex = 0; path = DYZBTests.xctest; sourceTree = BUILT_PRODUCTS_DIR; };
		9AA75DAE1F29E80E00431480 /* DYZBTests.swift */ = {isa = PBXFileReference; lastKnownFileType = sourcecode.swift; path = DYZBTests.swift; sourceTree = "<group>"; };
		9AA75DB01F29E80E00431480 /* Info.plist */ = {isa = PBXFileReference; lastKnownFileType = text.plist.xml; path = Info.plist; sourceTree = "<group>"; };
		9AA75DB51F29E80E00431480 /* DYZBUITests.xctest */ = {isa = PBXFileReference; explicitFileType = wrapper.cfbundle; includeInIndex = 0; path = DYZBUITests.xctest; sourceTree = BUILT_PRODUCTS_DIR; };
		9AA75DB91F29E80E00431480 /* DYZBUITests.swift */ = {isa = PBXFileReference; lastKnownFileType = sourcecode.swift; path = DYZBUITests.swift; sourceTree = "<group>"; };
		9AA75DBB1F29E80E00431480 /* Info.plist */ = {isa = PBXFileReference; lastKnownFileType = text.plist.xml; path = Info.plist; sourceTree = "<group>"; };
/* End PBXFileReference section */

/* Begin PBXFrameworksBuildPhase section */
		9AA75D931F29E80E00431480 /* Frameworks */ = {
			isa = PBXFrameworksBuildPhase;
			buildActionMask = 2147483647;
			files = (
			);
			runOnlyForDeploymentPostprocessing = 0;
		};
		9AA75DA71F29E80E00431480 /* Frameworks */ = {
			isa = PBXFrameworksBuildPhase;
			buildActionMask = 2147483647;
			files = (
			);
			runOnlyForDeploymentPostprocessing = 0;
		};
		9AA75DB21F29E80E00431480 /* Frameworks */ = {
			isa = PBXFrameworksBuildPhase;
			buildActionMask = 2147483647;
			files = (
			);
			runOnlyForDeploymentPostprocessing = 0;
		};
/* End PBXFrameworksBuildPhase section */

/* Begin PBXGroup section */
		9A64241E1F33FBC70004E74E /* Model */ = {
			isa = PBXGroup;
			children = (
			);
			path = Model;
			sourceTree = "<group>";
		};
		9A64241F1F33FBE60004E74E /* Controller */ = {
			isa = PBXGroup;
			children = (
				9A64242D1F33FD460004E74E /* HomeViewController.swift */,
				9A7E0FA01F37EEC5001756B2 /* RecommendViewController.swift */,
			);
			path = Controller;
			sourceTree = "<group>";
		};
		9A6424201F33FBEF0004E74E /* View */ = {
			isa = PBXGroup;
			children = (
				9A7E0FA21F37F186001756B2 /* CollectionHeaderView.swift */,
				9A7E0FA31F37F186001756B2 /* CollectionHeaderView.xib */,
			);
			path = View;
			sourceTree = "<group>";
		};
		9A6424211F33FC510004E74E /* Model */ = {
			isa = PBXGroup;
			children = (
			);
			path = Model;
			sourceTree = "<group>";
		};
		9A6424221F33FC510004E74E /* View */ = {
			isa = PBXGroup;
			children = (
				9A6424421F3413540004E74E /* PageTitleView.swift */,
				9A6424611F346D8C0004E74E /* PageContentView.swift */,
				9A7E0FA61F37F766001756B2 /* CollectionNormalCell.swift */,
				9A7E0FA71F37F766001756B2 /* CollectionNormalCell.xib */,
			);
			path = View;
			sourceTree = "<group>";
		};
		9A6424231F33FC510004E74E /* Controller */ = {
			isa = PBXGroup;
			children = (
				9A996F941F31D916001A47E5 /* MianViewController.swift */,
			);
			path = Controller;
			sourceTree = "<group>";
		};
		9A6424241F33FC560004E74E /* Model */ = {
			isa = PBXGroup;
			children = (
			);
			path = Model;
			sourceTree = "<group>";
		};
		9A6424251F33FC560004E74E /* View */ = {
			isa = PBXGroup;
			children = (
			);
			path = View;
			sourceTree = "<group>";
		};
		9A6424261F33FC560004E74E /* Controller */ = {
			isa = PBXGroup;
			children = (
			);
			path = Controller;
			sourceTree = "<group>";
		};
		9A6424271F33FC620004E74E /* Model */ = {
			isa = PBXGroup;
			children = (
			);
			path = Model;
			sourceTree = "<group>";
		};
		9A6424281F33FC620004E74E /* View */ = {
			isa = PBXGroup;
			children = (
			);
			path = View;
			sourceTree = "<group>";
		};
		9A6424291F33FC620004E74E /* Controller */ = {
			isa = PBXGroup;
			children = (
			);
			path = Controller;
			sourceTree = "<group>";
		};
		9A64242A1F33FC660004E74E /* Model */ = {
			isa = PBXGroup;
			children = (
			);
			path = Model;
			sourceTree = "<group>";
		};
		9A64242B1F33FC660004E74E /* View */ = {
			isa = PBXGroup;
			children = (
			);
			path = View;
			sourceTree = "<group>";
		};
		9A64242C1F33FC660004E74E /* Controller */ = {
			isa = PBXGroup;
			children = (
			);
			path = Controller;
			sourceTree = "<group>";
		};
		9A64242F1F3402860004E74E /* 图片资源 */ = {
			isa = PBXGroup;
			children = (
				9A6424301F3402920004E74E /* 首页导航栏图标 */,
			);
			path = "图片资源";
			sourceTree = "<group>";
		};
		9A6424301F3402920004E74E /* 首页导航栏图标 */ = {
			isa = PBXGroup;
			children = (
				9A6424311F3402920004E74E /* Image_launch_logo@2x.png */,
				9A6424321F3402920004E74E /* searchBtnIconHL@2x.png */,
				9A6424331F3402920004E74E /* searchIcon@2x.png */,
				9A6424341F3402920004E74E /* searchIconDark@2x.png */,
				9A6424391F3406680004E74E /* image_my_history@2x.png */,
				9A64243B1F3408D80004E74E /* qr_er_btn_Selected@2x.png */,
				9A64243C1F3408D80004E74E /* qr_er_btn@2x.png */,
			);
			path = "首页导航栏图标";
			sourceTree = "<group>";
		};
		9A64243F1F340B050004E74E /* Extension */ = {
			isa = PBXGroup;
			children = (
				9A6424401F340B620004E74E /* UIBarButtonItem-Extension.swift */,
				9A6424631F3470CA0004E74E /* UIColor-Extension.swift */,
			);
			path = Extension;
			sourceTree = "<group>";
		};
		9A6907D01F31CA35008EBAE3 /* Class */ = {
			isa = PBXGroup;
			children = (
			);
			path = Class;
			sourceTree = "<group>";
		};
		9A6907D11F31CA35008EBAE3 /* Main */ = {
			isa = PBXGroup;
			children = (
				9A6424211F33FC510004E74E /* Model */,
				9A6424221F33FC510004E74E /* View */,
				9A6424231F33FC510004E74E /* Controller */,
			);
			path = Main;
			sourceTree = "<group>";
		};
		9A6907D21F31CA35008EBAE3 /* Home */ = {
			isa = PBXGroup;
			children = (
				9A64241E1F33FBC70004E74E /* Model */,
				9A6424201F33FBEF0004E74E /* View */,
				9A64241F1F33FBE60004E74E /* Controller */,
			);
			path = Home;
			sourceTree = "<group>";
		};
		9A6907D31F31CA35008EBAE3 /* Live */ = {
			isa = PBXGroup;
			children = (
				9A6424241F33FC560004E74E /* Model */,
				9A6424251F33FC560004E74E /* View */,
				9A6424261F33FC560004E74E /* Controller */,
			);
			path = Live;
			sourceTree = "<group>";
		};
		9A6907D41F31CA35008EBAE3 /* Follow */ = {
			isa = PBXGroup;
			children = (
				9A6424271F33FC620004E74E /* Model */,
				9A6424281F33FC620004E74E /* View */,
				9A6424291F33FC620004E74E /* Controller */,
			);
			path = Follow;
			sourceTree = "<group>";
		};
		9A6907D51F31CA35008EBAE3 /* Profile */ = {
			isa = PBXGroup;
			children = (
				9A64242A1F33FC660004E74E /* Model */,
				9A64242B1F33FC660004E74E /* View */,
				9A64242C1F33FC660004E74E /* Controller */,
			);
			path = Profile;
			sourceTree = "<group>";
		};
		9A6907D61F31CA35008EBAE3 /* Tools */ = {
			isa = PBXGroup;
			children = (
				9A64243F1F340B050004E74E /* Extension */,
				9A64245F1F345F120004E74E /* Common.swift */,
			);
			path = Tools;
			sourceTree = "<group>";
		};
		9AA75D8D1F29E80E00431480 = {
			isa = PBXGroup;
			children = (
				9AA75D981F29E80E00431480 /* DYZB */,
				9AA75DAD1F29E80E00431480 /* DYZBTests */,
				9AA75DB81F29E80E00431480 /* DYZBUITests */,
				9AA75D971F29E80E00431480 /* Products */,
			);
			sourceTree = "<group>";
		};
		9AA75D971F29E80E00431480 /* Products */ = {
			isa = PBXGroup;
			children = (
				9AA75D961F29E80E00431480 /* DYZB.app */,
				9AA75DAA1F29E80E00431480 /* DYZBTests.xctest */,
				9AA75DB51F29E80E00431480 /* DYZBUITests.xctest */,
			);
			name = Products;
			sourceTree = "<group>";
		};
		9AA75D981F29E80E00431480 /* DYZB */ = {
			isa = PBXGroup;
			children = (
				9AA75D991F29E80E00431480 /* AppDelegate.swift */,
				9A6907D11F31CA35008EBAE3 /* Main */,
				9A6907D21F31CA35008EBAE3 /* Home */,
				9A6907D31F31CA35008EBAE3 /* Live */,
				9A6907D41F31CA35008EBAE3 /* Follow */,
				9A6907D51F31CA35008EBAE3 /* Profile */,
				9A6907D01F31CA35008EBAE3 /* Class */,
				9A64242F1F3402860004E74E /* 图片资源 */,
				9A6907D61F31CA35008EBAE3 /* Tools */,
				9AA75D9D1F29E80E00431480 /* Main.storyboard */,
				9A996F8A1F31D6D3001A47E5 /* Home.storyboard */,
				9A996F8C1F31D6FD001A47E5 /* Live.storyboard */,
				9A996F8F1F31D719001A47E5 /* Follow.storyboard */,
				9A996F911F31D734001A47E5 /* Profile.storyboard */,
				9AA75DA01F29E80E00431480 /* Assets.xcassets */,
				9AA75DA21F29E80E00431480 /* LaunchScreen.storyboard */,
				9AA75DA51F29E80E00431480 /* Info.plist */,
			);
			path = DYZB;
			sourceTree = "<group>";
		};
		9AA75DAD1F29E80E00431480 /* DYZBTests */ = {
			isa = PBXGroup;
			children = (
				9AA75DAE1F29E80E00431480 /* DYZBTests.swift */,
				9AA75DB01F29E80E00431480 /* Info.plist */,
			);
			path = DYZBTests;
			sourceTree = "<group>";
		};
		9AA75DB81F29E80E00431480 /* DYZBUITests */ = {
			isa = PBXGroup;
			children = (
				9AA75DB91F29E80E00431480 /* DYZBUITests.swift */,
				9AA75DBB1F29E80E00431480 /* Info.plist */,
			);
			path = DYZBUITests;
			sourceTree = "<group>";
		};
/* End PBXGroup section */

/* Begin PBXNativeTarget section */
		9AA75D951F29E80E00431480 /* DYZB */ = {
			isa = PBXNativeTarget;
			buildConfigurationList = 9AA75DBE1F29E80E00431480 /* Build configuration list for PBXNativeTarget "DYZB" */;
			buildPhases = (
				9AA75D921F29E80E00431480 /* Sources */,
				9AA75D931F29E80E00431480 /* Frameworks */,
				9AA75D941F29E80E00431480 /* Resources */,
			);
			buildRules = (
			);
			dependencies = (
			);
			name = DYZB;
			productName = DYZB;
			productReference = 9AA75D961F29E80E00431480 /* DYZB.app */;
			productType = "com.apple.product-type.application";
		};
		9AA75DA91F29E80E00431480 /* DYZBTests */ = {
			isa = PBXNativeTarget;
			buildConfigurationList = 9AA75DC11F29E80E00431480 /* Build configuration list for PBXNativeTarget "DYZBTests" */;
			buildPhases = (
				9AA75DA61F29E80E00431480 /* Sources */,
				9AA75DA71F29E80E00431480 /* Frameworks */,
				9AA75DA81F29E80E00431480 /* Resources */,
			);
			buildRules = (
			);
			dependencies = (
				9AA75DAC1F29E80E00431480 /* PBXTargetDependency */,
			);
			name = DYZBTests;
			productName = DYZBTests;
			productReference = 9AA75DAA1F29E80E00431480 /* DYZBTests.xctest */;
			productType = "com.apple.product-type.bundle.unit-test";
		};
		9AA75DB41F29E80E00431480 /* DYZBUITests */ = {
			isa = PBXNativeTarget;
			buildConfigurationList = 9AA75DC41F29E80E00431480 /* Build configuration list for PBXNativeTarget "DYZBUITests" */;
			buildPhases = (
				9AA75DB11F29E80E00431480 /* Sources */,
				9AA75DB21F29E80E00431480 /* Frameworks */,
				9AA75DB31F29E80E00431480 /* Resources */,
			);
			buildRules = (
			);
			dependencies = (
				9AA75DB71F29E80E00431480 /* PBXTargetDependency */,
			);
			name = DYZBUITests;
			productName = DYZBUITests;
			productReference = 9AA75DB51F29E80E00431480 /* DYZBUITests.xctest */;
			productType = "com.apple.product-type.bundle.ui-testing";
		};
/* End PBXNativeTarget section */

/* Begin PBXProject section */
		9AA75D8E1F29E80E00431480 /* Project object */ = {
			isa = PBXProject;
			attributes = {
				LastSwiftUpdateCheck = 0830;
				LastUpgradeCheck = 0830;
				ORGANIZATIONNAME = MacMini;
				TargetAttributes = {
					9AA75D951F29E80E00431480 = {
						CreatedOnToolsVersion = 8.3.3;
						ProvisioningStyle = Automatic;
					};
					9AA75DA91F29E80E00431480 = {
						CreatedOnToolsVersion = 8.3.3;
						ProvisioningStyle = Automatic;
						TestTargetID = 9AA75D951F29E80E00431480;
					};
					9AA75DB41F29E80E00431480 = {
						CreatedOnToolsVersion = 8.3.3;
						ProvisioningStyle = Automatic;
						TestTargetID = 9AA75D951F29E80E00431480;
					};
				};
			};
			buildConfigurationList = 9AA75D911F29E80E00431480 /* Build configuration list for PBXProject "DYZB" */;
			compatibilityVersion = "Xcode 3.2";
			developmentRegion = English;
			hasScannedForEncodings = 0;
			knownRegions = (
				en,
				Base,
			);
			mainGroup = 9AA75D8D1F29E80E00431480;
			productRefGroup = 9AA75D971F29E80E00431480 /* Products */;
			projectDirPath = "";
			projectRoot = "";
			targets = (
				9AA75D951F29E80E00431480 /* DYZB */,
				9AA75DA91F29E80E00431480 /* DYZBTests */,
				9AA75DB41F29E80E00431480 /* DYZBUITests */,
			);
		};
/* End PBXProject section */

/* Begin PBXResourcesBuildPhase section */
		9AA75D941F29E80E00431480 /* Resources */ = {
			isa = PBXResourcesBuildPhase;
			buildActionMask = 2147483647;
			files = (
				9AA75DA41F29E80E00431480 /* LaunchScreen.storyboard in Resources */,
				9AA75DA11F29E80E00431480 /* Assets.xcassets in Resources */,
				9A6424351F3402920004E74E /* Image_launch_logo@2x.png in Resources */,
				9A6424381F3402920004E74E /* searchIconDark@2x.png in Resources */,
				9AA75D9F1F29E80E00431480 /* Main.storyboard in Resources */,
				9A996F8E1F31D6FD001A47E5 /* Live.storyboard in Resources */,
				9A996F8B1F31D6D3001A47E5 /* Home.storyboard in Resources */,
				9A64243E1F3408D80004E74E /* qr_er_btn@2x.png in Resources */,
				9A7E0FA51F37F186001756B2 /* CollectionHeaderView.xib in Resources */,
				9A996F931F31D734001A47E5 /* Profile.storyboard in Resources */,
				9A6424371F3402920004E74E /* searchIcon@2x.png in Resources */,
				9A64243A1F3406680004E74E /* image_my_history@2x.png in Resources */,
				9A996F901F31D719001A47E5 /* Follow.storyboard in Resources */,
				9A64243D1F3408D80004E74E /* qr_er_btn_Selected@2x.png in Resources */,
				9A7E0FA91F37F766001756B2 /* CollectionNormalCell.xib in Resources */,
				9A6424361F3402920004E74E /* searchBtnIconHL@2x.png in Resources */,
			);
			runOnlyForDeploymentPostprocessing = 0;
		};
		9AA75DA81F29E80E00431480 /* Resources */ = {
			isa = PBXResourcesBuildPhase;
			buildActionMask = 2147483647;
			files = (
			);
			runOnlyForDeploymentPostprocessing = 0;
		};
		9AA75DB31F29E80E00431480 /* Resources */ = {
			isa = PBXResourcesBuildPhase;
			buildActionMask = 2147483647;
			files = (
			);
			runOnlyForDeploymentPostprocessing = 0;
		};
/* End PBXResourcesBuildPhase section */

/* Begin PBXSourcesBuildPhase section */
		9AA75D921F29E80E00431480 /* Sources */ = {
			isa = PBXSourcesBuildPhase;
			buildActionMask = 2147483647;
			files = (
				9AA75D9A1F29E80E00431480 /* AppDelegate.swift in Sources */,
				9A7E0FA41F37F186001756B2 /* CollectionHeaderView.swift in Sources */,
				9A6424641F3470CA0004E74E /* UIColor-Extension.swift in Sources */,
				9A7E0FA11F37EEC5001756B2 /* RecommendViewController.swift in Sources */,
				9A996F951F31D916001A47E5 /* MianViewController.swift in Sources */,
				9A6424431F3413540004E74E /* PageTitleView.swift in Sources */,
				9A6424621F346D8C0004E74E /* PageContentView.swift in Sources */,
				9A6424411F340B620004E74E /* UIBarButtonItem-Extension.swift in Sources */,
				9A6424601F345F120004E74E /* Common.swift in Sources */,
				9A7E0FA81F37F766001756B2 /* CollectionNormalCell.swift in Sources */,
				9A64242E1F33FD460004E74E /* HomeViewController.swift in Sources */,
			);
			runOnlyForDeploymentPostprocessing = 0;
		};
		9AA75DA61F29E80E00431480 /* Sources */ = {
			isa = PBXSourcesBuildPhase;
			buildActionMask = 2147483647;
			files = (
				9AA75DAF1F29E80E00431480 /* DYZBTests.swift in Sources */,
			);
			runOnlyForDeploymentPostprocessing = 0;
		};
		9AA75DB11F29E80E00431480 /* Sources */ = {
			isa = PBXSourcesBuildPhase;
			buildActionMask = 2147483647;
			files = (
				9AA75DBA1F29E80E00431480 /* DYZBUITests.swift in Sources */,
			);
			runOnlyForDeploymentPostprocessing = 0;
		};
/* End PBXSourcesBuildPhase section */

/* Begin PBXTargetDependency section */
		9AA75DAC1F29E80E00431480 /* PBXTargetDependency */ = {
			isa = PBXTargetDependency;
			target = 9AA75D951F29E80E00431480 /* DYZB */;
			targetProxy = 9AA75DAB1F29E80E00431480 /* PBXContainerItemProxy */;
		};
		9AA75DB71F29E80E00431480 /* PBXTargetDependency */ = {
			isa = PBXTargetDependency;
			target = 9AA75D951F29E80E00431480 /* DYZB */;
			targetProxy = 9AA75DB61F29E80E00431480 /* PBXContainerItemProxy */;
		};
/* End PBXTargetDependency section */

/* Begin PBXVariantGroup section */
		9A996F8C1F31D6FD001A47E5 /* Live.storyboard */ = {
			isa = PBXVariantGroup;
			children = (
				9A996F8D1F31D6FD001A47E5 /* Base */,
			);
			name = Live.storyboard;
			sourceTree = "<group>";
		};
		9A996F911F31D734001A47E5 /* Profile.storyboard */ = {
			isa = PBXVariantGroup;
			children = (
				9A996F921F31D734001A47E5 /* Base */,
			);
			name = Profile.storyboard;
			sourceTree = "<group>";
		};
		9AA75D9D1F29E80E00431480 /* Main.storyboard */ = {
			isa = PBXVariantGroup;
			children = (
				9AA75D9E1F29E80E00431480 /* Base */,
			);
			name = Main.storyboard;
			sourceTree = "<group>";
		};
		9AA75DA21F29E80E00431480 /* LaunchScreen.storyboard */ = {
			isa = PBXVariantGroup;
			children = (
				9AA75DA31F29E80E00431480 /* Base */,
			);
			name = LaunchScreen.storyboard;
			sourceTree = "<group>";
		};
/* End PBXVariantGroup section */

/* Begin XCBuildConfiguration section */
		9AA75DBC1F29E80E00431480 /* Debug */ = {
			isa = XCBuildConfiguration;
			buildSettings = {
				ALWAYS_SEARCH_USER_PATHS = NO;
				CLANG_ANALYZER_NONNULL = YES;
				CLANG_ANALYZER_NUMBER_OBJECT_CONVERSION = YES_AGGRESSIVE;
				CLANG_CXX_LANGUAGE_STANDARD = "gnu++0x";
				CLANG_CXX_LIBRARY = "libc++";
				CLANG_ENABLE_MODULES = YES;
				CLANG_ENABLE_OBJC_ARC = YES;
				CLANG_WARN_BOOL_CONVERSION = YES;
				CLANG_WARN_CONSTANT_CONVERSION = YES;
				CLANG_WARN_DIRECT_OBJC_ISA_USAGE = YES_ERROR;
				CLANG_WARN_DOCUMENTATION_COMMENTS = YES;
				CLANG_WARN_EMPTY_BODY = YES;
				CLANG_WARN_ENUM_CONVERSION = YES;
				CLANG_WARN_INFINITE_RECURSION = YES;
				CLANG_WARN_INT_CONVERSION = YES;
				CLANG_WARN_OBJC_ROOT_CLASS = YES_ERROR;
				CLANG_WARN_SUSPICIOUS_MOVE = YES;
				CLANG_WARN_UNREACHABLE_CODE = YES;
				CLANG_WARN__DUPLICATE_METHOD_MATCH = YES;
				"CODE_SIGN_IDENTITY[sdk=iphoneos*]" = "iPhone Developer";
				COPY_PHASE_STRIP = NO;
				DEBUG_INFORMATION_FORMAT = dwarf;
				ENABLE_STRICT_OBJC_MSGSEND = YES;
				ENABLE_TESTABILITY = YES;
				GCC_C_LANGUAGE_STANDARD = gnu99;
				GCC_DYNAMIC_NO_PIC = NO;
				GCC_NO_COMMON_BLOCKS = YES;
				GCC_OPTIMIZATION_LEVEL = 0;
				GCC_PREPROCESSOR_DEFINITIONS = (
					"DEBUG=1",
					"$(inherited)",
				);
				GCC_WARN_64_TO_32_BIT_CONVERSION = YES;
				GCC_WARN_ABOUT_RETURN_TYPE = YES_ERROR;
				GCC_WARN_UNDECLARED_SELECTOR = YES;
				GCC_WARN_UNINITIALIZED_AUTOS = YES_AGGRESSIVE;
				GCC_WARN_UNUSED_FUNCTION = YES;
				GCC_WARN_UNUSED_VARIABLE = YES;
				IPHONEOS_DEPLOYMENT_TARGET = 10.3;
				MTL_ENABLE_DEBUG_INFO = YES;
				ONLY_ACTIVE_ARCH = YES;
				SDKROOT = iphoneos;
				SWIFT_ACTIVE_COMPILATION_CONDITIONS = DEBUG;
				SWIFT_OPTIMIZATION_LEVEL = "-Onone";
				TARGETED_DEVICE_FAMILY = "1,2";
			};
			name = Debug;
		};
		9AA75DBD1F29E80E00431480 /* Release */ = {
			isa = XCBuildConfiguration;
			buildSettings = {
				ALWAYS_SEARCH_USER_PATHS = NO;
				CLANG_ANALYZER_NONNULL = YES;
				CLANG_ANALYZER_NUMBER_OBJECT_CONVERSION = YES_AGGRESSIVE;
				CLANG_CXX_LANGUAGE_STANDARD = "gnu++0x";
				CLANG_CXX_LIBRARY = "libc++";
				CLANG_ENABLE_MODULES = YES;
				CLANG_ENABLE_OBJC_ARC = YES;
				CLANG_WARN_BOOL_CONVERSION = YES;
				CLANG_WARN_CONSTANT_CONVERSION = YES;
				CLANG_WARN_DIRECT_OBJC_ISA_USAGE = YES_ERROR;
				CLANG_WARN_DOCUMENTATION_COMMENTS = YES;
				CLANG_WARN_EMPTY_BODY = YES;
				CLANG_WARN_ENUM_CONVERSION = YES;
				CLANG_WARN_INFINITE_RECURSION = YES;
				CLANG_WARN_INT_CONVERSION = YES;
				CLANG_WARN_OBJC_ROOT_CLASS = YES_ERROR;
				CLANG_WARN_SUSPICIOUS_MOVE = YES;
				CLANG_WARN_UNREACHABLE_CODE = YES;
				CLANG_WARN__DUPLICATE_METHOD_MATCH = YES;
				"CODE_SIGN_IDENTITY[sdk=iphoneos*]" = "iPhone Developer";
				COPY_PHASE_STRIP = NO;
				DEBUG_INFORMATION_FORMAT = "dwarf-with-dsym";
				ENABLE_NS_ASSERTIONS = NO;
				ENABLE_STRICT_OBJC_MSGSEND = YES;
				GCC_C_LANGUAGE_STANDARD = gnu99;
				GCC_NO_COMMON_BLOCKS = YES;
				GCC_WARN_64_TO_32_BIT_CONVERSION = YES;
				GCC_WARN_ABOUT_RETURN_TYPE = YES_ERROR;
				GCC_WARN_UNDECLARED_SELECTOR = YES;
				GCC_WARN_UNINITIALIZED_AUTOS = YES_AGGRESSIVE;
				GCC_WARN_UNUSED_FUNCTION = YES;
				GCC_WARN_UNUSED_VARIABLE = YES;
				IPHONEOS_DEPLOYMENT_TARGET = 10.3;
				MTL_ENABLE_DEBUG_INFO = NO;
				SDKROOT = iphoneos;
				SWIFT_OPTIMIZATION_LEVEL = "-Owholemodule";
				TARGETED_DEVICE_FAMILY = "1,2";
				VALIDATE_PRODUCT = YES;
			};
			name = Release;
		};
		9AA75DBF1F29E80E00431480 /* Debug */ = {
			isa = XCBuildConfiguration;
			buildSettings = {
				ASSETCATALOG_COMPILER_APPICON_NAME = AppIcon;
				ASSETCATALOG_COMPILER_LAUNCHIMAGE_NAME = LaunchImage;
				INFOPLIST_FILE = DYZB/Info.plist;
				IPHONEOS_DEPLOYMENT_TARGET = 8.0;
				LD_RUNPATH_SEARCH_PATHS = "$(inherited) @executable_path/Frameworks";
				PRODUCT_BUNDLE_IDENTIFIER = dds.DYZB;
				PRODUCT_NAME = "$(TARGET_NAME)";
				SWIFT_VERSION = 3.0;
			};
			name = Debug;
		};
		9AA75DC01F29E80E00431480 /* Release */ = {
			isa = XCBuildConfiguration;
			buildSettings = {
				ASSETCATALOG_COMPILER_APPICON_NAME = AppIcon;
				ASSETCATALOG_COMPILER_LAUNCHIMAGE_NAME = LaunchImage;
				INFOPLIST_FILE = DYZB/Info.plist;
				IPHONEOS_DEPLOYMENT_TARGET = 8.0;
				LD_RUNPATH_SEARCH_PATHS = "$(inherited) @executable_path/Frameworks";
				PRODUCT_BUNDLE_IDENTIFIER = dds.DYZB;
				PRODUCT_NAME = "$(TARGET_NAME)";
				SWIFT_VERSION = 3.0;
			};
			name = Release;
		};
		9AA75DC21F29E80E00431480 /* Debug */ = {
			isa = XCBuildConfiguration;
			buildSettings = {
				ALWAYS_EMBED_SWIFT_STANDARD_LIBRARIES = YES;
				BUNDLE_LOADER = "$(TEST_HOST)";
				INFOPLIST_FILE = DYZBTests/Info.plist;
				LD_RUNPATH_SEARCH_PATHS = "$(inherited) @executable_path/Frameworks @loader_path/Frameworks";
				PRODUCT_BUNDLE_IDENTIFIER = dds.DYZBTests;
				PRODUCT_NAME = "$(TARGET_NAME)";
				SWIFT_VERSION = 3.0;
				TEST_HOST = "$(BUILT_PRODUCTS_DIR)/DYZB.app/DYZB";
			};
			name = Debug;
		};
		9AA75DC31F29E80E00431480 /* Release */ = {
			isa = XCBuildConfiguration;
			buildSettings = {
				ALWAYS_EMBED_SWIFT_STANDARD_LIBRARIES = YES;
				BUNDLE_LOADER = "$(TEST_HOST)";
				INFOPLIST_FILE = DYZBTests/Info.plist;
				LD_RUNPATH_SEARCH_PATHS = "$(inherited) @executable_path/Frameworks @loader_path/Frameworks";
				PRODUCT_BUNDLE_IDENTIFIER = dds.DYZBTests;
				PRODUCT_NAME = "$(TARGET_NAME)";
				SWIFT_VERSION = 3.0;
				TEST_HOST = "$(BUILT_PRODUCTS_DIR)/DYZB.app/DYZB";
			};
			name = Release;
		};
		9AA75DC51F29E80E00431480 /* Debug */ = {
			isa = XCBuildConfiguration;
			buildSettings = {
				ALWAYS_EMBED_SWIFT_STANDARD_LIBRARIES = YES;
				INFOPLIST_FILE = DYZBUITests/Info.plist;
				LD_RUNPATH_SEARCH_PATHS = "$(inherited) @executable_path/Frameworks @loader_path/Frameworks";
				PRODUCT_BUNDLE_IDENTIFIER = dds.DYZBUITests;
				PRODUCT_NAME = "$(TARGET_NAME)";
				SWIFT_VERSION = 3.0;
				TEST_TARGET_NAME = DYZB;
			};
			name = Debug;
		};
		9AA75DC61F29E80E00431480 /* Release */ = {
			isa = XCBuildConfiguration;
			buildSettings = {
				ALWAYS_EMBED_SWIFT_STANDARD_LIBRARIES = YES;
				INFOPLIST_FILE = DYZBUITests/Info.plist;
				LD_RUNPATH_SEARCH_PATHS = "$(inherited) @executable_path/Frameworks @loader_path/Frameworks";
				PRODUCT_BUNDLE_IDENTIFIER = dds.DYZBUITests;
				PRODUCT_NAME = "$(TARGET_NAME)";
				SWIFT_VERSION = 3.0;
				TEST_TARGET_NAME = DYZB;
			};
			name = Release;
		};
/* End XCBuildConfiguration section */

/* Begin XCConfigurationList section */
		9AA75D911F29E80E00431480 /* Build configuration list for PBXProject "DYZB" */ = {
			isa = XCConfigurationList;
			buildConfigurations = (
				9AA75DBC1F29E80E00431480 /* Debug */,
				9AA75DBD1F29E80E00431480 /* Release */,
			);
			defaultConfigurationIsVisible = 0;
			defaultConfigurationName = Release;
		};
		9AA75DBE1F29E80E00431480 /* Build configuration list for PBXNativeTarget "DYZB" */ = {
			isa = XCConfigurationList;
			buildConfigurations = (
				9AA75DBF1F29E80E00431480 /* Debug */,
				9AA75DC01F29E80E00431480 /* Release */,
			);
			defaultConfigurationIsVisible = 0;
			defaultConfigurationName = Release;
		};
		9AA75DC11F29E80E00431480 /* Build configuration list for PBXNativeTarget "DYZBTests" */ = {
			isa = XCConfigurationList;
			buildConfigurations = (
				9AA75DC21F29E80E00431480 /* Debug */,
				9AA75DC31F29E80E00431480 /* Release */,
			);
			defaultConfigurationIsVisible = 0;
			defaultConfigurationName = Release;
		};
		9AA75DC41F29E80E00431480 /* Build configuration list for PBXNativeTarget "DYZBUITests" */ = {
			isa = XCConfigurationList;
			buildConfigurations = (
				9AA75DC51F29E80E00431480 /* Debug */,
				9AA75DC61F29E80E00431480 /* Release */,
			);
			defaultConfigurationIsVisible = 0;
			defaultConfigurationName = Release;
		};
/* End XCConfigurationList section */
	};
	rootObject = 9AA75D8E1F29E80E00431480 /* Project object */;
}
